
Microsoft Visual Studio Solution File, Format Version 12.00
# Visual Studio 14
VisualStudioVersion = 14.0.23107.0
MinimumVisualStudioVersion = 10.0.40219.1
Project("{FAE04EC0-301F-11D3-BF4B-00C04F79EFBC}") = "WebStore.WebUI", "WebStore.WebUI\WebStore.WebUI.csproj", "{E1C34B2A-A2E4-43B9-A700-51488DC6962C}"
EndProject
Project("{FAE04EC0-301F-11D3-BF4B-00C04F79EFBC}") = "WebStore.UnitTests", "WebStore.UnitTests\WebStore.UnitTests.csproj", "{1BAE0B85-2B25-4476-BCBF-EF12FCE4B25C}"
EndProject
Project("{FAE04EC0-301F-11D3-BF4B-00C04F79EFBC}") = "WebStore.Domain", "WebStore.Domain\WebStore.Domain.csproj", "{90253868-2CE1-4677-A243-28AE6B5D25C8}"
EndProject
Project("{FAE04EC0-301F-11D3-BF4B-00C04F79EFBC}") = "WebStore.DataLayer", "WebStore.DataLayer\WebStore.DataLayer.csproj", "{9A38F6AF-1E2D-4809-8DA9-795FB2FE159A}"
EndProject
Project("{FAE04EC0-301F-11D3-BF4B-00C04F79EFBC}") = "WebStore.Repository", "WebStore.Repository\WebStore.Repository.csproj", "{FD54A3DB-4225-46FA-B482-52B59D1991EA}"
EndProject
Global
	GlobalSection(SolutionConfigurationPlatforms) = preSolution
		Debug|Any CPU = Debug|Any CPU
		Release|Any CPU = Release|Any CPU
	EndGlobalSection
	GlobalSection(ProjectConfigurationPlatforms) = postSolution
		{E1C34B2A-A2E4-43B9-A700-51488DC6962C}.Debug|Any CPU.ActiveCfg = Debug|Any CPU
		{E1C34B2A-A2E4-43B9-A700-51488DC6962C}.Debug|Any CPU.Build.0 = Debug|Any CPU
		{E1C34B2A-A2E4-43B9-A700-51488DC6962C}.Release|Any CPU.ActiveCfg = Release|Any CPU
		{E1C34B2A-A2E4-43B9-A700-51488DC6962C}.Release|Any CPU.Build.0 = Release|Any CPU
		{1BAE0B85-2B25-4476-BCBF-EF12FCE4B25C}.Debug|Any CPU.ActiveCfg = Debug|Any CPU
		{1BAE0B85-2B25-4476-BCBF-EF12FCE4B25C}.Debug|Any CPU.Build.0 = Debug|Any CPU
		{1BAE0B85-2B25-4476-BCBF-EF12FCE4B25C}.Release|Any CPU.ActiveCfg = Release|Any CPU
		{1BAE0B85-2B25-4476-BCBF-EF12FCE4B25C}.Release|Any CPU.Build.0 = Release|Any CPU
		{90253868-2CE1-4677-A243-28AE6B5D25C8}.Debug|Any CPU.ActiveCfg = Debug|Any CPU
		{90253868-2CE1-4677-A243-28AE6B5D25C8}.Debug|Any CPU.Build.0 = Debug|Any CPU
		{90253868-2CE1-4677-A243-28AE6B5D25C8}.Release|Any CPU.ActiveCfg = Release|Any CPU
		{90253868-2CE1-4677-A243-28AE6B5D25C8}.Release|Any CPU.Build.0 = Release|Any CPU
		{9A38F6AF-1E2D-4809-8DA9-795FB2FE159A}.Debug|Any CPU.ActiveCfg = Debug|Any CPU
		{9A38F6AF-1E2D-4809-8DA9-795FB2FE159A}.Debug|Any CPU.Build.0 = Debug|Any CPU
		{9A38F6AF-1E2D-4809-8DA9-795FB2FE159A}.Release|Any CPU.ActiveCfg = Release|Any CPU
		{9A38F6AF-1E2D-4809-8DA9-795FB2FE159A}.Release|Any CPU.Build.0 = Release|Any CPU
		{FD54A3DB-4225-46FA-B482-52B59D1991EA}.Debug|Any CPU.ActiveCfg = Debug|Any CPU
		{FD54A3DB-4225-46FA-B482-52B59D1991EA}.Debug|Any CPU.Build.0 = Debug|Any CPU
		{FD54A3DB-4225-46FA-B482-52B59D1991EA}.Release|Any CPU.ActiveCfg = Release|Any CPU
		{FD54A3DB-4225-46FA-B482-52B59D1991EA}.Release|Any CPU.Build.0 = Release|Any CPU
	EndGlobalSection
	GlobalSection(SolutionProperties) = preSolution
		HideSolutionNode = FALSE
	EndGlobalSection
EndGlobal
